
Microsoft Visual Studio Solution File, Format Version 12.00
# Visual Studio 15
Project("{FAE04EC0-301F-11D3-BF4B-00C04F79EFBC}") = "Assembly-CSharp", "Assembly-CSharp.csproj", "{9E735CE8-FF39-4179-3894-9DCAAF4126BD}"
EndProject
Project("{FAE04EC0-301F-11D3-BF4B-00C04F79EFBC}") = "Assembly-CSharp-Editor", "Assembly-CSharp-Editor.csproj", "{CE41AF6C-9262-DF07-F278-F7167DCCD716}"
EndProject
Global
	GlobalSection(SolutionConfigurationPlatforms) = preSolution
		Debug|Any CPU = Debug|Any CPU
		Release|Any CPU = Release|Any CPU
	EndGlobalSection
	GlobalSection(ProjectConfigurationPlatforms) = postSolution
		{9E735CE8-FF39-4179-3894-9DCAAF4126BD}.Debug|Any CPU.ActiveCfg = Debug|Any CPU
		{9E735CE8-FF39-4179-3894-9DCAAF4126BD}.Debug|Any CPU.Build.0 = Debug|Any CPU
		{9E735CE8-FF39-4179-3894-9DCAAF4126BD}.Release|Any CPU.ActiveCfg = Release|Any CPU
		{9E735CE8-FF39-4179-3894-9DCAAF4126BD}.Release|Any CPU.Build.0 = Release|Any CPU
		{CE41AF6C-9262-DF07-F278-F7167DCCD716}.Debug|Any CPU.ActiveCfg = Debug|Any CPU
		{CE41AF6C-9262-DF07-F278-F7167DCCD716}.Debug|Any CPU.Build.0 = Debug|Any CPU
		{CE41AF6C-9262-DF07-F278-F7167DCCD716}.Release|Any CPU.ActiveCfg = Release|Any CPU
		{CE41AF6C-9262-DF07-F278-F7167DCCD716}.Release|Any CPU.Build.0 = Release|Any CPU
	EndGlobalSection
	GlobalSection(SolutionProperties) = preSolution
		HideSolutionNode = FALSE
	EndGlobalSection
EndGlobal
